lockfileVersion: '9.0'

settings:
  autoInstallPeers: true
  excludeLinksFromLockfile: false

importers:

  .:
    devDependencies:
      factoriomod-debug:
        specifier: ^2.0.5
        version: 2.0.5

packages:

  factoriomod-debug@2.0.5:
    resolution: {integrity: sha512-QNozgveRRK9S/JfhTOpE4b7yOLU7SDX8BUTQjNWn8fAPLKSdxd8qXdSp6dOgPooUXReU9y16u1OqmfazvS1nKw==}
    engines: {node: '>20', vscode: ^1.96.0}
    hasBin: true

snapshots:

  factoriomod-debug@2.0.5: {}
